
Microsoft Visual Studio Solution File, Format Version 12.00
# Visual Studio Version 17
VisualStudioVersion = 17.9.34622.214
MinimumVisualStudioVersion = 10.0.40219.1
Project("{FAE04EC0-301F-11D3-BF4B-00C04F79EFBC}") = "ShopOnline.Web", "ShopOnline.Web\ShopOnline.Web.csproj", "{476960B4-B2CE-42B9-ADBD-860F900BDB92}"
EndProject
Project("{FAE04EC0-301F-11D3-BF4B-00C04F79EFBC}") = "ShopOnline.Api", "ShopOnline.Api\ShopOnline.Api.csproj", "{CF899750-2CF4-4BA4-9818-A411264DE8D5}"
EndProject
Project("{FAE04EC0-301F-11D3-BF4B-00C04F79EFBC}") = "EntityFrameworkWebApiShopOnline.Repositories", "EntityFrameworkWebApiShopOnline.Repositories\EntityFrameworkWebApiShopOnline.Repositories.csproj", "{2E0188D0-E67E-4971-8C4A-B726B00398A9}"
EndProject
Global
	GlobalSection(SolutionConfigurationPlatforms) = preSolution
		Debug|Any CPU = Debug|Any CPU
		Release|Any CPU = Release|Any CPU
	EndGlobalSection
	GlobalSection(ProjectConfigurationPlatforms) = postSolution
		{476960B4-B2CE-42B9-ADBD-860F900BDB92}.Debug|Any CPU.ActiveCfg = Debug|Any CPU
		{476960B4-B2CE-42B9-ADBD-860F900BDB92}.Debug|Any CPU.Build.0 = Debug|Any CPU
		{476960B4-B2CE-42B9-ADBD-860F900BDB92}.Release|Any CPU.ActiveCfg = Release|Any CPU
		{476960B4-B2CE-42B9-ADBD-860F900BDB92}.Release|Any CPU.Build.0 = Release|Any CPU
		{CF899750-2CF4-4BA4-9818-A411264DE8D5}.Debug|Any CPU.ActiveCfg = Debug|Any CPU
		{CF899750-2CF4-4BA4-9818-A411264DE8D5}.Debug|Any CPU.Build.0 = Debug|Any CPU
		{CF899750-2CF4-4BA4-9818-A411264DE8D5}.Release|Any CPU.ActiveCfg = Release|Any CPU
		{CF899750-2CF4-4BA4-9818-A411264DE8D5}.Release|Any CPU.Build.0 = Release|Any CPU
		{2E0188D0-E67E-4971-8C4A-B726B00398A9}.Debug|Any CPU.ActiveCfg = Debug|Any CPU
		{2E0188D0-E67E-4971-8C4A-B726B00398A9}.Debug|Any CPU.Build.0 = Debug|Any CPU
		{2E0188D0-E67E-4971-8C4A-B726B00398A9}.Release|Any CPU.ActiveCfg = Release|Any CPU
		{2E0188D0-E67E-4971-8C4A-B726B00398A9}.Release|Any CPU.Build.0 = Release|Any CPU
	EndGlobalSection
	GlobalSection(SolutionProperties) = preSolution
		HideSolutionNode = FALSE
	EndGlobalSection
	GlobalSection(ExtensibilityGlobals) = postSolution
		SolutionGuid = {1AFF67C2-3C89-4ED9-85E2-7F656DE9CD30}
	EndGlobalSection
EndGlobal
